
Microsoft Visual Studio Solution File, Format Version 12.00
# Visual Studio 15
VisualStudioVersion = 15.0.27428.2043
MinimumVisualStudioVersion = 10.0.40219.1
Project("{FAE04EC0-301F-11D3-BF4B-00C04F79EFBC}") = "PUMA-WPF", "PUMA-WPF\PUMA-WPF.csproj", "{685CA970-2199-42EE-ACB8-68F8CF47259A}"
EndProject
Global
	GlobalSection(SolutionConfigurationPlatforms) = preSolution
		Debug|Any CPU = Debug|Any CPU
		Release|Any CPU = Release|Any CPU
	EndGlobalSection
	GlobalSection(ProjectConfigurationPlatforms) = postSolution
		{685CA970-2199-42EE-ACB8-68F8CF47259A}.Debug|Any CPU.ActiveCfg = Debug|Any CPU
		{685CA970-2199-42EE-ACB8-68F8CF47259A}.Debug|Any CPU.Build.0 = Debug|Any CPU
		{685CA970-2199-42EE-ACB8-68F8CF47259A}.Release|Any CPU.ActiveCfg = Release|Any CPU
		{685CA970-2199-42EE-ACB8-68F8CF47259A}.Release|Any CPU.Build.0 = Release|Any CPU
	EndGlobalSection
	GlobalSection(SolutionProperties) = preSolution
		HideSolutionNode = FALSE
	EndGlobalSection
	GlobalSection(ExtensibilityGlobals) = postSolution
		SolutionGuid = {CDB498F3-3898-486D-89C6-54AC94D2C3B5}
	EndGlobalSection
EndGlobal
